
Microsoft Visual Studio Solution File, Format Version 12.00
# Visual Studio Version 16
VisualStudioVersion = 16.0.31702.278
MinimumVisualStudioVersion = 10.0.40219.1
Project("{9A19103F-16F7-4668-BE54-9A1E7A4F7556}") = "Targil0", "Targil0\Targil0.csproj", "{D086E920-0D15-4937-965B-4CE6D6C0B55D}"
EndProject
Project("{2150E333-8FDC-42A3-9474-1A3956D46DE8}") = "Solution Items", "Solution Items", "{E9E72969-038E-4455-A334-B00C01DEDB0C}"
	ProjectSection(SolutionItems) = preProject
		README.md = README.md
	EndProjectSection
EndProject
Project("{9A19103F-16F7-4668-BE54-9A1E7A4F7556}") = "ConsoleUI", "ConsoleUI\ConsoleUI.csproj", "{A62111D5-0BB7-4E18-85C5-4FE18DC64C3C}"
EndProject
Project("{9A19103F-16F7-4668-BE54-9A1E7A4F7556}") = "DAL", "DAL\DAL.csproj", "{65013C03-97B6-4D8C-B22A-B0786DF6494B}"
EndProject
Project("{9A19103F-16F7-4668-BE54-9A1E7A4F7556}") = "BL", "BL\BL.csproj", "{20705C4D-7CD1-474D-B52C-22EB640D985A}"
EndProject
Project("{9A19103F-16F7-4668-BE54-9A1E7A4F7556}") = "ConsoleUI_BL", "ConsoleUI_BL\ConsoleUI_BL.csproj", "{6510D6DD-B7CE-4835-B837-BA379C9E2822}"
EndProject
Project("{FAE04EC0-301F-11D3-BF4B-00C04F79EFBC}") = "PL", "PL\PL.csproj", "{78891DD1-E357-4EC2-9C2F-325CA11B9560}"
EndProject
Global
	GlobalSection(SolutionConfigurationPlatforms) = preSolution
		Debug|Any CPU = Debug|Any CPU
		Release|Any CPU = Release|Any CPU
	EndGlobalSection
	GlobalSection(ProjectConfigurationPlatforms) = postSolution
		{D086E920-0D15-4937-965B-4CE6D6C0B55D}.Debug|Any CPU.ActiveCfg = Debug|Any CPU
		{D086E920-0D15-4937-965B-4CE6D6C0B55D}.Debug|Any CPU.Build.0 = Debug|Any CPU
		{D086E920-0D15-4937-965B-4CE6D6C0B55D}.Release|Any CPU.ActiveCfg = Release|Any CPU
		{D086E920-0D15-4937-965B-4CE6D6C0B55D}.Release|Any CPU.Build.0 = Release|Any CPU
		{A62111D5-0BB7-4E18-85C5-4FE18DC64C3C}.Debug|Any CPU.ActiveCfg = Debug|Any CPU
		{A62111D5-0BB7-4E18-85C5-4FE18DC64C3C}.Debug|Any CPU.Build.0 = Debug|Any CPU
		{A62111D5-0BB7-4E18-85C5-4FE18DC64C3C}.Release|Any CPU.ActiveCfg = Release|Any CPU
		{A62111D5-0BB7-4E18-85C5-4FE18DC64C3C}.Release|Any CPU.Build.0 = Release|Any CPU
		{65013C03-97B6-4D8C-B22A-B0786DF6494B}.Debug|Any CPU.ActiveCfg = Debug|Any CPU
		{65013C03-97B6-4D8C-B22A-B0786DF6494B}.Debug|Any CPU.Build.0 = Debug|Any CPU
		{65013C03-97B6-4D8C-B22A-B0786DF6494B}.Release|Any CPU.ActiveCfg = Release|Any CPU
		{65013C03-97B6-4D8C-B22A-B0786DF6494B}.Release|Any CPU.Build.0 = Release|Any CPU
		{20705C4D-7CD1-474D-B52C-22EB640D985A}.Debug|Any CPU.ActiveCfg = Debug|Any CPU
		{20705C4D-7CD1-474D-B52C-22EB640D985A}.Debug|Any CPU.Build.0 = Debug|Any CPU
		{20705C4D-7CD1-474D-B52C-22EB640D985A}.Release|Any CPU.ActiveCfg = Release|Any CPU
		{20705C4D-7CD1-474D-B52C-22EB640D985A}.Release|Any CPU.Build.0 = Release|Any CPU
		{6510D6DD-B7CE-4835-B837-BA379C9E2822}.Debug|Any CPU.ActiveCfg = Debug|Any CPU
		{6510D6DD-B7CE-4835-B837-BA379C9E2822}.Debug|Any CPU.Build.0 = Debug|Any CPU
		{6510D6DD-B7CE-4835-B837-BA379C9E2822}.Release|Any CPU.ActiveCfg = Release|Any CPU
		{6510D6DD-B7CE-4835-B837-BA379C9E2822}.Release|Any CPU.Build.0 = Release|Any CPU
		{78891DD1-E357-4EC2-9C2F-325CA11B9560}.Debug|Any CPU.ActiveCfg = Debug|Any CPU
		{78891DD1-E357-4EC2-9C2F-325CA11B9560}.Debug|Any CPU.Build.0 = Debug|Any CPU
		{78891DD1-E357-4EC2-9C2F-325CA11B9560}.Release|Any CPU.ActiveCfg = Release|Any CPU
		{78891DD1-E357-4EC2-9C2F-325CA11B9560}.Release|Any CPU.Build.0 = Release|Any CPU
	EndGlobalSection
	GlobalSection(SolutionProperties) = preSolution
		HideSolutionNode = FALSE
	EndGlobalSection
	GlobalSection(NestedProjects) = preSolution
		{20705C4D-7CD1-474D-B52C-22EB640D985A} = {E9E72969-038E-4455-A334-B00C01DEDB0C}
		{6510D6DD-B7CE-4835-B837-BA379C9E2822} = {E9E72969-038E-4455-A334-B00C01DEDB0C}
	EndGlobalSection
	GlobalSection(ExtensibilityGlobals) = postSolution
		SolutionGuid = {63910F94-448C-43A5-A69B-3D9685A211B6}
	EndGlobalSection
EndGlobal
